
Microsoft Visual Studio Solution File, Format Version 12.00
# Visual Studio Version 17
VisualStudioVersion = 17.6.33815.320
MinimumVisualStudioVersion = 10.0.40219.1
Project("{FAE04EC0-301F-11D3-BF4B-00C04F79EFBC}") = "Core", "Core\Core.csproj", "{871D8D06-AEEC-4FCD-B2A3-BD468A9CED25}"
EndProject
Project("{FAE04EC0-301F-11D3-BF4B-00C04F79EFBC}") = "Entities", "Entities\Entities.csproj", "{1F51EB93-8A9C-4DC1-9574-4C6FD6A73253}"
EndProject
Project("{FAE04EC0-301F-11D3-BF4B-00C04F79EFBC}") = "DataAccess", "DataAccess\DataAccess.csproj", "{998AAB1B-E2E9-4743-90E2-A3E2E317D7CF}"
EndProject
Project("{FAE04EC0-301F-11D3-BF4B-00C04F79EFBC}") = "Business", "Business\Business.csproj", "{3AD4D870-15EA-4404-82FE-B486367C751E}"
EndProject
Project("{FAE04EC0-301F-11D3-BF4B-00C04F79EFBC}") = "WebAPI", "WebAPI\WebAPI.csproj", "{8F3094E4-DBED-466E-8CC7-24E25947B4FF}"
EndProject
Global
	GlobalSection(SolutionConfigurationPlatforms) = preSolution
		Debug|Any CPU = Debug|Any CPU
		Release|Any CPU = Release|Any CPU
	EndGlobalSection
	GlobalSection(ProjectConfigurationPlatforms) = postSolution
		{871D8D06-AEEC-4FCD-B2A3-BD468A9CED25}.Debug|Any CPU.ActiveCfg = Debug|Any CPU
		{871D8D06-AEEC-4FCD-B2A3-BD468A9CED25}.Debug|Any CPU.Build.0 = Debug|Any CPU
		{871D8D06-AEEC-4FCD-B2A3-BD468A9CED25}.Release|Any CPU.ActiveCfg = Release|Any CPU
		{871D8D06-AEEC-4FCD-B2A3-BD468A9CED25}.Release|Any CPU.Build.0 = Release|Any CPU
		{1F51EB93-8A9C-4DC1-9574-4C6FD6A73253}.Debug|Any CPU.ActiveCfg = Debug|Any CPU
		{1F51EB93-8A9C-4DC1-9574-4C6FD6A73253}.Debug|Any CPU.Build.0 = Debug|Any CPU
		{1F51EB93-8A9C-4DC1-9574-4C6FD6A73253}.Release|Any CPU.ActiveCfg = Release|Any CPU
		{1F51EB93-8A9C-4DC1-9574-4C6FD6A73253}.Release|Any CPU.Build.0 = Release|Any CPU
		{998AAB1B-E2E9-4743-90E2-A3E2E317D7CF}.Debug|Any CPU.ActiveCfg = Debug|Any CPU
		{998AAB1B-E2E9-4743-90E2-A3E2E317D7CF}.Debug|Any CPU.Build.0 = Debug|Any CPU
		{998AAB1B-E2E9-4743-90E2-A3E2E317D7CF}.Release|Any CPU.ActiveCfg = Release|Any CPU
		{998AAB1B-E2E9-4743-90E2-A3E2E317D7CF}.Release|Any CPU.Build.0 = Release|Any CPU
		{3AD4D870-15EA-4404-82FE-B486367C751E}.Debug|Any CPU.ActiveCfg = Debug|Any CPU
		{3AD4D870-15EA-4404-82FE-B486367C751E}.Debug|Any CPU.Build.0 = Debug|Any CPU
		{3AD4D870-15EA-4404-82FE-B486367C751E}.Release|Any CPU.ActiveCfg = Release|Any CPU
		{3AD4D870-15EA-4404-82FE-B486367C751E}.Release|Any CPU.Build.0 = Release|Any CPU
		{8F3094E4-DBED-466E-8CC7-24E25947B4FF}.Debug|Any CPU.ActiveCfg = Debug|Any CPU
		{8F3094E4-DBED-466E-8CC7-24E25947B4FF}.Debug|Any CPU.Build.0 = Debug|Any CPU
		{8F3094E4-DBED-466E-8CC7-24E25947B4FF}.Release|Any CPU.ActiveCfg = Release|Any CPU
		{8F3094E4-DBED-466E-8CC7-24E25947B4FF}.Release|Any CPU.Build.0 = Release|Any CPU
	EndGlobalSection
	GlobalSection(SolutionProperties) = preSolution
		HideSolutionNode = FALSE
	EndGlobalSection
	GlobalSection(ExtensibilityGlobals) = postSolution
		SolutionGuid = {D704A70B-EDA7-4F6C-ABDF-1FEF8F42F20E}
	EndGlobalSection
EndGlobal
